
Microsoft Visual Studio Solution File, Format Version 12.00
# Visual Studio Version 17
VisualStudioVersion = 17.4.33103.184
MinimumVisualStudioVersion = 10.0.40219.1
Project("{9A19103F-16F7-4668-BE54-9A1E7A4F7556}") = "Trivia.WebAPI", "Trivia.WebAPI\Trivia.WebAPI.csproj", "{A04B6F90-E61A-43CB-8908-74E1DD432F8C}"
EndProject
Project("{9A19103F-16F7-4668-BE54-9A1E7A4F7556}") = "Trivia.DAL", "Trivia.DAL\Trivia.DAL.csproj", "{E4D74A51-2027-4E2F-867C-A68EA2384E54}"
EndProject
Project("{9A19103F-16F7-4668-BE54-9A1E7A4F7556}") = "Trivia.BLL", "Trivia.BLL\Trivia.BLL.csproj", "{BF296CA1-46FD-4D37-8A52-B0F46E0598E7}"
EndProject
Global
	GlobalSection(SolutionConfigurationPlatforms) = preSolution
		Debug|Any CPU = Debug|Any CPU
		Release|Any CPU = Release|Any CPU
	EndGlobalSection
	GlobalSection(ProjectConfigurationPlatforms) = postSolution
		{A04B6F90-E61A-43CB-8908-74E1DD432F8C}.Debug|Any CPU.ActiveCfg = Debug|Any CPU
		{A04B6F90-E61A-43CB-8908-74E1DD432F8C}.Debug|Any CPU.Build.0 = Debug|Any CPU
		{A04B6F90-E61A-43CB-8908-74E1DD432F8C}.Release|Any CPU.ActiveCfg = Release|Any CPU
		{A04B6F90-E61A-43CB-8908-74E1DD432F8C}.Release|Any CPU.Build.0 = Release|Any CPU
		{E4D74A51-2027-4E2F-867C-A68EA2384E54}.Debug|Any CPU.ActiveCfg = Debug|Any CPU
		{E4D74A51-2027-4E2F-867C-A68EA2384E54}.Debug|Any CPU.Build.0 = Debug|Any CPU
		{E4D74A51-2027-4E2F-867C-A68EA2384E54}.Release|Any CPU.ActiveCfg = Release|Any CPU
		{E4D74A51-2027-4E2F-867C-A68EA2384E54}.Release|Any CPU.Build.0 = Release|Any CPU
		{BF296CA1-46FD-4D37-8A52-B0F46E0598E7}.Debug|Any CPU.ActiveCfg = Debug|Any CPU
		{BF296CA1-46FD-4D37-8A52-B0F46E0598E7}.Debug|Any CPU.Build.0 = Debug|Any CPU
		{BF296CA1-46FD-4D37-8A52-B0F46E0598E7}.Release|Any CPU.ActiveCfg = Release|Any CPU
		{BF296CA1-46FD-4D37-8A52-B0F46E0598E7}.Release|Any CPU.Build.0 = Release|Any CPU
	EndGlobalSection
	GlobalSection(SolutionProperties) = preSolution
		HideSolutionNode = FALSE
	EndGlobalSection
	GlobalSection(ExtensibilityGlobals) = postSolution
		SolutionGuid = {38E4FA35-E45D-43D6-B7AC-992542CA664C}
	EndGlobalSection
EndGlobal
